PODS:
  - composeApp (1.0):
    - RevenueCat
    - RevenueCatUI
  - RevenueCat (5.39.0)
  - RevenueCatUI (5.39.0):
    - RevenueCat (= 5.39.0)

DEPENDENCIES:
  - composeApp (from `../composeApp`)
  - RevenueCat
  - RevenueCatUI

SPEC REPOS:
  trunk:
    - RevenueCat
    - RevenueCatUI

EXTERNAL SOURCES:
  composeApp:
    :path: "../composeApp"

SPEC CHECKSUMS:
  composeApp: a42c2dd0f6f897c51ffee1a0a21bc172d42c7e9f
  RevenueCat: 4743a5eee0004e1c03eabeb3498818f902a5d622
  RevenueCatUI: d7ead994884d8eaa23efaf9a0e13a7757af2c3f7

PODFILE CHECKSUM: 18ff816c3e1f241400cfcd2a3aeff6055c63946f

COCOAPODS: 1.16.2
